// !$*UTF8*$!
{
	archiveVersion = 1;
	classes = {
	};
	objectVersion = 77;
	objects = {

/* Begin PBXBuildFile section */
		94B4E24C2D89C5000085778F /* DogsImageTableViewCell.xib in Resources */ = {isa = PBXBuildFile; fileRef = 94B4E22F2D89C5000085778F /* DogsImageTableViewCell.xib */; };
		94B4E24D2D89C5000085778F /* Assets.xcassets in Resources */ = {isa = PBXBuildFile; fileRef = 94B4E2442D89C5000085778F /* Assets.xcassets */; };
		94B4E24F2D89C5000085778F /* LaunchScreen.storyboard in Resources */ = {isa = PBXBuildFile; fileRef = 94B4E2482D89C5000085778F /* LaunchScreen.storyboard */; };
		94B4E2502D89C5000085778F /* Main.storyboard in Resources */ = {isa = PBXBuildFile; fileRef = 94B4E24A2D89C5000085778F /* Main.storyboard */; };
		94B4E2512D89C5000085778F /* AppDelegate.swift in Sources */ = {isa = PBXBuildFile; fileRef = 94B4E2192D89C5000085778F /* AppDelegate.swift */; };
		94B4E2522D89C5000085778F /* SceneDelegate.swift in Sources */ = {isa = PBXBuildFile; fileRef = 94B4E21A2D89C5000085778F /* SceneDelegate.swift */; };
		94B4E2532D89C5000085778F /* AppCoordinator.swift in Sources */ = {isa = PBXBuildFile; fileRef = 94B4E21C2D89C5000085778F /* AppCoordinator.swift */; };
		94B4E2542D89C5000085778F /* CoordinatorBoard.swift in Sources */ = {isa = PBXBuildFile; fileRef = 94B4E21D2D89C5000085778F /* CoordinatorBoard.swift */; };
		94B4E2562D89C5000085778F /* UITableView+Extension.swift in Sources */ = {isa = PBXBuildFile; fileRef = 94B4E2202D89C5000085778F /* UITableView+Extension.swift */; };
		94B4E2572D89C5000085778F /* UIView+Constraints.swift in Sources */ = {isa = PBXBuildFile; fileRef = 94B4E2212D89C5000085778F /* UIView+Constraints.swift */; };
		94B4E25A2D89C5000085778F /* DogBreedsViewController.swift in Sources */ = {isa = PBXBuildFile; fileRef = 94B4E2262D89C5000085778F /* DogBreedsViewController.swift */; };
		94B4E25B2D89C5000085778F /* DogBreedsViewModel.swift in Sources */ = {isa = PBXBuildFile; fileRef = 94B4E2282D89C5000085778F /* DogBreedsViewModel.swift */; };
		94B4E25C2D89C5000085778F /* DogBreeds.swift in Sources */ = {isa = PBXBuildFile; fileRef = 94B4E22A2D89C5000085778F /* DogBreeds.swift */; };
		94B4E25D2D89C5000085778F /* DogsBreedService.swift in Sources */ = {isa = PBXBuildFile; fileRef = 94B4E22B2D89C5000085778F /* DogsBreedService.swift */; };
		94B4E25F2D89C5000085778F /* DogsImageTableViewCell.swift in Sources */ = {isa = PBXBuildFile; fileRef = 94B4E22E2D89C5000085778F /* DogsImageTableViewCell.swift */; };
		94B4E2602D89C5000085778F /* DogsImageCoordinator.swift in Sources */ = {isa = PBXBuildFile; fileRef = 94B4E2312D89C5000085778F /* DogsImageCoordinator.swift */; };
		94B4E2612D89C5000085778F /* DogsImageViewController.swift in Sources */ = {isa = PBXBuildFile; fileRef = 94B4E2322D89C5000085778F /* DogsImageViewController.swift */; };
		94B4E2622D89C5000085778F /* DogsImageViewModel.swift in Sources */ = {isa = PBXBuildFile; fileRef = 94B4E2342D89C5000085778F /* DogsImageViewModel.swift */; };
		94B4E2632D89C5000085778F /* DogsImage.swift in Sources */ = {isa = PBXBuildFile; fileRef = 94B4E2362D89C5000085778F /* DogsImage.swift */; };
		94B4E2642D89C5000085778F /* DogsImageService.swift in Sources */ = {isa = PBXBuildFile; fileRef = 94B4E2372D89C5000085778F /* DogsImageService.swift */; };
		94B4E2652D89C5000085778F /* APIRequestHandler.swift in Sources */ = {isa = PBXBuildFile; fileRef = 94B4E23A2D89C5000085778F /* APIRequestHandler.swift */; };
		94B4E2662D89C5000085778F /* APIResponseHandler.swift in Sources */ = {isa = PBXBuildFile; fileRef = 94B4E23B2D89C5000085778F /* APIResponseHandler.swift */; };
		94B4E2672D89C5000085778F /* Bundle+Extension.swift in Sources */ = {isa = PBXBuildFile; fileRef = 94B4E23C2D89C5000085778F /* Bundle+Extension.swift */; };
		94B4E2682D89C5000085778F /* MockURLProtocol.swift in Sources */ = {isa = PBXBuildFile; fileRef = 94B4E23D2D89C5000085778F /* MockURLProtocol.swift */; };
		94B4E2692D89C5000085778F /* NetworkManager.swift in Sources */ = {isa = PBXBuildFile; fileRef = 94B4E23E2D89C5000085778F /* NetworkManager.swift */; };
		94B4E26A2D89C5000085778F /* Request.swift in Sources */ = {isa = PBXBuildFile; fileRef = 94B4E23F2D89C5000085778F /* Request.swift */; };
		94B4E26B2D89C5000085778F /* RequestError.swift in Sources */ = {isa = PBXBuildFile; fileRef = 94B4E2402D89C5000085778F /* RequestError.swift */; };
		94B4E26C2D89C5000085778F /* RequestType.swift in Sources */ = {isa = PBXBuildFile; fileRef = 94B4E2412D89C5000085778F /* RequestType.swift */; };
		94B4E26D2D89C5000085778F /* Constants.swift in Sources */ = {isa = PBXBuildFile; fileRef = 94B4E2452D89C5000085778F /* Constants.swift */; };
		94B4E33F2D89D5870085778F /* SDWebImage in Frameworks */ = {isa = PBXBuildFile; productRef = 94B4E33E2D89D5870085778F /* SDWebImage */; };
		94B4E3412D89D5870085778F /* SDWebImageMapKit in Frameworks */ = {isa = PBXBuildFile; productRef = 94B4E3402D89D5870085778F /* SDWebImageMapKit */; };
		94B4E4182D8A1D5D0085778F /* ApplicationLoader.swift in Sources */ = {isa = PBXBuildFile; fileRef = 94B4E4162D8A1D5D0085778F /* ApplicationLoader.swift */; };
		94B4E4192D8A1D5D0085778F /* JailBrokenHelper.swift in Sources */ = {isa = PBXBuildFile; fileRef = 94B4E4172D8A1D5D0085778F /* JailBrokenHelper.swift */; };
		94B4E41D2D8A1DA70085778F /* UIDevice+Extension.swift in Sources */ = {isa = PBXBuildFile; fileRef = 94B4E41C2D8A1DA70085778F /* UIDevice+Extension.swift */; };
		94B4E4202D8A1EE00085778F /* Reachability.swift in Sources */ = {isa = PBXBuildFile; fileRef = 94B4E41F2D8A1EE00085778F /* Reachability.swift */; };
/* End PBXBuildFile section */

/* Begin PBXContainerItemProxy section */
		94A60C662D888433007CE2EA /* PBXContainerItemProxy */ = {
			isa = PBXContainerItemProxy;
			containerPortal = 94A60C472D888430007CE2EA /* Project object */;
			proxyType = 1;
			remoteGlobalIDString = 94A60C4E2D888430007CE2EA;
			remoteInfo = DemoSwiftMVVM;
		};
		94A60C702D888434007CE2EA /* PBXContainerItemProxy */ = {
			isa = PBXContainerItemProxy;
			containerPortal = 94A60C472D888430007CE2EA /* Project object */;
			proxyType = 1;
			remoteGlobalIDString = 94A60C4E2D888430007CE2EA;
			remoteInfo = DemoSwiftMVVM;
		};
/* End PBXContainerItemProxy section */

/* Begin PBXFileReference section */
		94A60C4F2D888430007CE2EA /* DemoSwiftMVVM.app */ = {isa = PBXFileReference; explicitFileType = wrapper.application; includeInIndex = 0; path = DemoSwiftMVVM.app; sourceTree = BUILT_PRODUCTS_DIR; };
		94A60C652D888433007CE2EA /* DemoSwiftMVVMTests.xctest */ = {isa = PBXFileReference; explicitFileType = wrapper.cfbundle; includeInIndex = 0; path = DemoSwiftMVVMTests.xctest; sourceTree = BUILT_PRODUCTS_DIR; };
		94A60C6F2D888434007CE2EA /* DemoSwiftMVVMUITests.xctest */ = {isa = PBXFileReference; explicitFileType = wrapper.cfbundle; includeInIndex = 0; path = DemoSwiftMVVMUITests.xctest; sourceTree = BUILT_PRODUCTS_DIR; };
		94B4E2192D89C5000085778F /* AppDelegate.swift */ = {isa = PBXFileReference; lastKnownFileType = sourcecode.swift; path = AppDelegate.swift; sourceTree = "<group>"; };
		94B4E21A2D89C5000085778F /* SceneDelegate.swift */ = {isa = PBXFileReference; lastKnownFileType = sourcecode.swift; path = SceneDelegate.swift; sourceTree = "<group>"; };
		94B4E21C2D89C5000085778F /* AppCoordinator.swift */ = {isa = PBXFileReference; lastKnownFileType = sourcecode.swift; path = AppCoordinator.swift; sourceTree = "<group>"; };
		94B4E21D2D89C5000085778F /* CoordinatorBoard.swift */ = {isa = PBXFileReference; lastKnownFileType = sourcecode.swift; path = CoordinatorBoard.swift; sourceTree = "<group>"; };
		94B4E2202D89C5000085778F /* UITableView+Extension.swift */ = {isa = PBXFileReference; lastKnownFileType = sourcecode.swift; path = "UITableView+Extension.swift"; sourceTree = "<group>"; };
		94B4E2212D89C5000085778F /* UIView+Constraints.swift */ = {isa = PBXFileReference; lastKnownFileType = sourcecode.swift; path = "UIView+Constraints.swift"; sourceTree = "<group>"; };
		94B4E2262D89C5000085778F /* DogBreedsViewController.swift */ = {isa = PBXFileReference; lastKnownFileType = sourcecode.swift; path = DogBreedsViewController.swift; sourceTree = "<group>"; };
		94B4E2282D89C5000085778F /* DogBreedsViewModel.swift */ = {isa = PBXFileReference; lastKnownFileType = sourcecode.swift; path = DogBreedsViewModel.swift; sourceTree = "<group>"; };
		94B4E22A2D89C5000085778F /* DogBreeds.swift */ = {isa = PBXFileReference; lastKnownFileType = sourcecode.swift; path = DogBreeds.swift; sourceTree = "<group>"; };
		94B4E22B2D89C5000085778F /* DogsBreedService.swift */ = {isa = PBXFileReference; lastKnownFileType = sourcecode.swift; path = DogsBreedService.swift; sourceTree = "<group>"; };
		94B4E22E2D89C5000085778F /* DogsImageTableViewCell.swift */ = {isa = PBXFileReference; lastKnownFileType = sourcecode.swift; path = DogsImageTableViewCell.swift; sourceTree = "<group>"; };
		94B4E22F2D89C5000085778F /* DogsImageTableViewCell.xib */ = {isa = PBXFileReference; lastKnownFileType = file.xib; path = DogsImageTableViewCell.xib; sourceTree = "<group>"; };
		94B4E2312D89C5000085778F /* DogsImageCoordinator.swift */ = {isa = PBXFileReference; lastKnownFileType = sourcecode.swift; path = DogsImageCoordinator.swift; sourceTree = "<group>"; };
		94B4E2322D89C5000085778F /* DogsImageViewController.swift */ = {isa = PBXFileReference; lastKnownFileType = sourcecode.swift; path = DogsImageViewController.swift; sourceTree = "<group>"; };
		94B4E2342D89C5000085778F /* DogsImageViewModel.swift */ = {isa = PBXFileReference; lastKnownFileType = sourcecode.swift; path = DogsImageViewModel.swift; sourceTree = "<group>"; };
		94B4E2362D89C5000085778F /* DogsImage.swift */ = {isa = PBXFileReference; lastKnownFileType = sourcecode.swift; path = DogsImage.swift; sourceTree = "<group>"; };
		94B4E2372D89C5000085778F /* DogsImageService.swift */ = {isa = PBXFileReference; lastKnownFileType = sourcecode.swift; path = DogsImageService.swift; sourceTree = "<group>"; };
		94B4E23A2D89C5000085778F /* APIRequestHandler.swift */ = {isa = PBXFileReference; lastKnownFileType = sourcecode.swift; path = APIRequestHandler.swift; sourceTree = "<group>"; };
		94B4E23B2D89C5000085778F /* APIResponseHandler.swift */ = {isa = PBXFileReference; lastKnownFileType = sourcecode.swift; path = APIResponseHandler.swift; sourceTree = "<group>"; };
		94B4E23C2D89C5000085778F /* Bundle+Extension.swift */ = {isa = PBXFileReference; lastKnownFileType = sourcecode.swift; path = "Bundle+Extension.swift"; sourceTree = "<group>"; };
		94B4E23D2D89C5000085778F /* MockURLProtocol.swift */ = {isa = PBXFileReference; lastKnownFileType = sourcecode.swift; path = MockURLProtocol.swift; sourceTree = "<group>"; };
		94B4E23E2D89C5000085778F /* NetworkManager.swift */ = {isa = PBXFileReference; lastKnownFileType = sourcecode.swift; path = NetworkManager.swift; sourceTree = "<group>"; };
		94B4E23F2D89C5000085778F /* Request.swift */ = {isa = PBXFileReference; lastKnownFileType = sourcecode.swift; path = Request.swift; sourceTree = "<group>"; };
		94B4E2402D89C5000085778F /* RequestError.swift */ = {isa = PBXFileReference; lastKnownFileType = sourcecode.swift; path = RequestError.swift; sourceTree = "<group>"; };
		94B4E2412D89C5000085778F /* RequestType.swift */ = {isa = PBXFileReference; lastKnownFileType = sourcecode.swift; path = RequestType.swift; sourceTree = "<group>"; };
		94B4E2442D89C5000085778F /* Assets.xcassets */ = {isa = PBXFileReference; lastKnownFileType = folder.assetcatalog; path = Assets.xcassets; sourceTree = "<group>"; };
		94B4E2452D89C5000085778F /* Constants.swift */ = {isa = PBXFileReference; lastKnownFileType = sourcecode.swift; path = Constants.swift; sourceTree = "<group>"; };
		94B4E2462D89C5000085778F /* Info.plist */ = {isa = PBXFileReference; lastKnownFileType = text.plist.xml; path = Info.plist; sourceTree = "<group>"; };
		94B4E2472D89C5000085778F /* Base */ = {isa = PBXFileReference; lastKnownFileType = file.storyboard; name = Base; path = Base.lproj/LaunchScreen.storyboard; sourceTree = "<group>"; };
		94B4E2492D89C5000085778F /* Base */ = {isa = PBXFileReference; lastKnownFileType = file.storyboard; name = Base; path = Base.lproj/Main.storyboard; sourceTree = "<group>"; };
		94B4E34A2D8A0CFA0085778F /* DemoSwiftMVVM.xctestplan */ = {isa = PBXFileReference; lastKnownFileType = text; path = DemoSwiftMVVM.xctestplan; sourceTree = "<group>"; };
		94B4E4162D8A1D5D0085778F /* ApplicationLoader.swift */ = {isa = PBXFileReference; lastKnownFileType = sourcecode.swift; path = ApplicationLoader.swift; sourceTree = "<group>"; };
		94B4E4172D8A1D5D0085778F /* JailBrokenHelper.swift */ = {isa = PBXFileReference; lastKnownFileType = sourcecode.swift; path = JailBrokenHelper.swift; sourceTree = "<group>"; };
		94B4E41C2D8A1DA70085778F /* UIDevice+Extension.swift */ = {isa = PBXFileReference; lastKnownFileType = sourcecode.swift; path = "UIDevice+Extension.swift"; sourceTree = "<group>"; };
		94B4E41F2D8A1EE00085778F /* Reachability.swift */ = {isa = PBXFileReference; lastKnownFileType = sourcecode.swift; path = Reachability.swift; sourceTree = "<group>"; };
/* End PBXFileReference section */

/* Begin PBXFileSystemSynchronizedRootGroup section */
		94A60C682D888434007CE2EA /* DemoSwiftMVVMTests */ = {
			isa = PBXFileSystemSynchronizedRootGroup;
			path = DemoSwiftMVVMTests;
			sourceTree = "<group>";
		};
		94A60C722D888434007CE2EA /* DemoSwiftMVVMUITests */ = {
			isa = PBXFileSystemSynchronizedRootGroup;
			path = DemoSwiftMVVMUITests;
			sourceTree = "<group>";
		};
/* End PBXFileSystemSynchronizedRootGroup section */

/* Begin PBXFrameworksBuildPhase section */
		94A60C4C2D888430007CE2EA /* Frameworks */ = {
			isa = PBXFrameworksBuildPhase;
			buildActionMask = 2147483647;
			files = (
				94B4E3412D89D5870085778F /* SDWebImageMapKit in Frameworks */,
				94B4E33F2D89D5870085778F /* SDWebImage in Frameworks */,
			);
			runOnlyForDeploymentPostprocessing = 0;
		};
		94A60C622D888433007CE2EA /* Frameworks */ = {
			isa = PBXFrameworksBuildPhase;
			buildActionMask = 2147483647;
			files = (
			);
			runOnlyForDeploymentPostprocessing = 0;
		};
		94A60C6C2D888434007CE2EA /* Frameworks */ = {
			isa = PBXFrameworksBuildPhase;
			buildActionMask = 2147483647;
			files = (
			);
			runOnlyForDeploymentPostprocessing = 0;
		};
/* End PBXFrameworksBuildPhase section */

/* Begin PBXGroup section */
		94A60C462D888430007CE2EA = {
			isa = PBXGroup;
			children = (
				94B4E34A2D8A0CFA0085778F /* DemoSwiftMVVM.xctestplan */,
				94B4E24B2D89C5000085778F /* DemoSwiftMVVM */,
				94A60C682D888434007CE2EA /* DemoSwiftMVVMTests */,
				94A60C722D888434007CE2EA /* DemoSwiftMVVMUITests */,
				94A60C502D888430007CE2EA /* Products */,
			);
			sourceTree = "<group>";
		};
		94A60C502D888430007CE2EA /* Products */ = {
			isa = PBXGroup;
			children = (
				94A60C4F2D888430007CE2EA /* DemoSwiftMVVM.app */,
				94A60C652D888433007CE2EA /* DemoSwiftMVVMTests.xctest */,
				94A60C6F2D888434007CE2EA /* DemoSwiftMVVMUITests.xctest */,
			);
			name = Products;
			sourceTree = "<group>";
		};
		94B4E21B2D89C5000085778F /* AppDelegate */ = {
			isa = PBXGroup;
			children = (
				94B4E2192D89C5000085778F /* AppDelegate.swift */,
				94B4E21A2D89C5000085778F /* SceneDelegate.swift */,
			);
			path = AppDelegate;
			sourceTree = "<group>";
		};
		94B4E21E2D89C5000085778F /* Coordinator */ = {
			isa = PBXGroup;
			children = (
				94B4E21C2D89C5000085778F /* AppCoordinator.swift */,
				94B4E21D2D89C5000085778F /* CoordinatorBoard.swift */,
			);
			path = Coordinator;
			sourceTree = "<group>";
		};
		94B4E2222D89C5000085778F /* Extensions */ = {
			isa = PBXGroup;
			children = (
				94B4E41C2D8A1DA70085778F /* UIDevice+Extension.swift */,
				94B4E2202D89C5000085778F /* UITableView+Extension.swift */,
				94B4E2212D89C5000085778F /* UIView+Constraints.swift */,
			);
			path = Extensions;
			sourceTree = "<group>";
		};
		94B4E2272D89C5000085778F /* UIKit Views */ = {
			isa = PBXGroup;
			children = (
				94B4E2262D89C5000085778F /* DogBreedsViewController.swift */,
			);
			path = "UIKit Views";
			sourceTree = "<group>";
		};
		94B4E2292D89C5000085778F /* ViewModel */ = {
			isa = PBXGroup;
			children = (
				94B4E2282D89C5000085778F /* DogBreedsViewModel.swift */,
			);
			path = ViewModel;
			sourceTree = "<group>";
		};
		94B4E22C2D89C5000085778F /* DogsBreed */ = {
			isa = PBXGroup;
			children = (
				94B4E2272D89C5000085778F /* UIKit Views */,
				94B4E2292D89C5000085778F /* ViewModel */,
				94B4E22A2D89C5000085778F /* DogBreeds.swift */,
				94B4E22B2D89C5000085778F /* DogsBreedService.swift */,
			);
			path = DogsBreed;
			sourceTree = "<group>";
		};
		94B4E2302D89C5000085778F /* DogsImageRow */ = {
			isa = PBXGroup;
			children = (
				94B4E22E2D89C5000085778F /* DogsImageTableViewCell.swift */,
				94B4E22F2D89C5000085778F /* DogsImageTableViewCell.xib */,
			);
			path = DogsImageRow;
			sourceTree = "<group>";
		};
		94B4E2332D89C5000085778F /* UIkit Views */ = {
			isa = PBXGroup;
			children = (
				94B4E2312D89C5000085778F /* DogsImageCoordinator.swift */,
				94B4E2322D89C5000085778F /* DogsImageViewController.swift */,
			);
			path = "UIkit Views";
			sourceTree = "<group>";
		};
		94B4E2352D89C5000085778F /* ViewModel */ = {
			isa = PBXGroup;
			children = (
				94B4E2342D89C5000085778F /* DogsImageViewModel.swift */,
			);
			path = ViewModel;
			sourceTree = "<group>";
		};
		94B4E2382D89C5000085778F /* DogsImage */ = {
			isa = PBXGroup;
			children = (
				94B4E2302D89C5000085778F /* DogsImageRow */,
				94B4E2332D89C5000085778F /* UIkit Views */,
				94B4E2352D89C5000085778F /* ViewModel */,
				94B4E2362D89C5000085778F /* DogsImage.swift */,
				94B4E2372D89C5000085778F /* DogsImageService.swift */,
			);
			path = DogsImage;
			sourceTree = "<group>";
		};
		94B4E2392D89C5000085778F /* Modules */ = {
			isa = PBXGroup;
			children = (
				94B4E22C2D89C5000085778F /* DogsBreed */,
				94B4E2382D89C5000085778F /* DogsImage */,
			);
			path = Modules;
			sourceTree = "<group>";
		};
		94B4E2422D89C5000085778F /* NetworkClasses */ = {
			isa = PBXGroup;
			children = (
				94B4E23A2D89C5000085778F /* APIRequestHandler.swift */,
				94B4E23B2D89C5000085778F /* APIResponseHandler.swift */,
				94B4E23C2D89C5000085778F /* Bundle+Extension.swift */,
				94B4E23D2D89C5000085778F /* MockURLProtocol.swift */,
				94B4E23E2D89C5000085778F /* NetworkManager.swift */,
				94B4E23F2D89C5000085778F /* Request.swift */,
				94B4E2402D89C5000085778F /* RequestError.swift */,
				94B4E2412D89C5000085778F /* RequestType.swift */,
			);
			path = NetworkClasses;
			sourceTree = "<group>";
		};
		94B4E2432D89C5000085778F /* Network */ = {
			isa = PBXGroup;
			children = (
				94B4E2422D89C5000085778F /* NetworkClasses */,
			);
			path = Network;
			sourceTree = "<group>";
		};
		94B4E24B2D89C5000085778F /* DemoSwiftMVVM */ = {
			isa = PBXGroup;
			children = (
				94B4E41E2D8A1EBD0085778F /* Reachability */,
				94B4E21B2D89C5000085778F /* AppDelegate */,
				94B4E4152D8A1C750085778F /* HelperClasses */,
				94B4E2222D89C5000085778F /* Extensions */,
				94B4E21E2D89C5000085778F /* Coordinator */,
				94B4E2392D89C5000085778F /* Modules */,
				94B4E2432D89C5000085778F /* Network */,
				94B4E2442D89C5000085778F /* Assets.xcassets */,
				94B4E2452D89C5000085778F /* Constants.swift */,
				94B4E2462D89C5000085778F /* Info.plist */,
				94B4E2482D89C5000085778F /* LaunchScreen.storyboard */,
				94B4E24A2D89C5000085778F /* Main.storyboard */,
			);
			path = DemoSwiftMVVM;
			sourceTree = "<group>";
		};
		94B4E4152D8A1C750085778F /* HelperClasses */ = {
			isa = PBXGroup;
			children = (
				94B4E4162D8A1D5D0085778F /* ApplicationLoader.swift */,
				94B4E4172D8A1D5D0085778F /* JailBrokenHelper.swift */,
			);
			path = HelperClasses;
			sourceTree = "<group>";
		};
		94B4E41E2D8A1EBD0085778F /* Reachability */ = {
			isa = PBXGroup;
			children = (
				94B4E41F2D8A1EE00085778F /* Reachability.swift */,
			);
			path = Reachability;
			sourceTree = "<group>";
		};
/* End PBXGroup section */

/* Begin PBXNativeTarget section */
		94A60C4E2D888430007CE2EA /* DemoSwiftMVVM */ = {
			isa = PBXNativeTarget;
			buildConfigurationList = 94A60C782D888434007CE2EA /* Build configuration list for PBXNativeTarget "DemoSwiftMVVM" */;
			buildPhases = (
				94A60D5C2D8937DB007CE2EA /* ShellScript */,
				94A60C4B2D888430007CE2EA /* Sources */,
				94A60C4C2D888430007CE2EA /* Frameworks */,
				94A60C4D2D888430007CE2EA /* Resources */,
			);
			buildRules = (
			);
			dependencies = (
			);
			name = DemoSwiftMVVM;
			packageProductDependencies = (
				94B4E33E2D89D5870085778F /* SDWebImage */,
				94B4E3402D89D5870085778F /* SDWebImageMapKit */,
			);
			productName = DemoSwiftMVVM;
			productReference = 94A60C4F2D888430007CE2EA /* DemoSwiftMVVM.app */;
			productType = "com.apple.product-type.application";
		};
		94A60C642D888433007CE2EA /* DemoSwiftMVVMTests */ = {
			isa = PBXNativeTarget;
			buildConfigurationList = 94A60C7D2D888434007CE2EA /* Build configuration list for PBXNativeTarget "DemoSwiftMVVMTests" */;
			buildPhases = (
				94A60C612D888433007CE2EA /* Sources */,
				94A60C622D888433007CE2EA /* Frameworks */,
				94A60C632D888433007CE2EA /* Resources */,
			);
			buildRules = (
			);
			dependencies = (
				94A60C672D888433007CE2EA /* PBXTargetDependency */,
			);
			fileSystemSynchronizedGroups = (
				94A60C682D888434007CE2EA /* DemoSwiftMVVMTests */,
			);
			name = DemoSwiftMVVMTests;
			packageProductDependencies = (
			);
			productName = DemoSwiftMVVMTests;
			productReference = 94A60C652D888433007CE2EA /* DemoSwiftMVVMTests.xctest */;
			productType = "com.apple.product-type.bundle.unit-test";
		};
		94A60C6E2D888434007CE2EA /* DemoSwiftMVVMUITests */ = {
			isa = PBXNativeTarget;
			buildConfigurationList = 94A60C802D888434007CE2EA /* Build configuration list for PBXNativeTarget "DemoSwiftMVVMUITests" */;
			buildPhases = (
				94A60C6B2D888434007CE2EA /* Sources */,
				94A60C6C2D888434007CE2EA /* Frameworks */,
				94A60C6D2D888434007CE2EA /* Resources */,
			);
			buildRules = (
			);
			dependencies = (
				94A60C712D888434007CE2EA /* PBXTargetDependency */,
			);
			fileSystemSynchronizedGroups = (
				94A60C722D888434007CE2EA /* DemoSwiftMVVMUITests */,
			);
			name = DemoSwiftMVVMUITests;
			packageProductDependencies = (
			);
			productName = DemoSwiftMVVMUITests;
			productReference = 94A60C6F2D888434007CE2EA /* DemoSwiftMVVMUITests.xctest */;
			productType = "com.apple.product-type.bundle.ui-testing";
		};
/* End PBXNativeTarget section */

/* Begin PBXProject section */
		94A60C472D888430007CE2EA /* Project object */ = {
			isa = PBXProject;
			attributes = {
				BuildIndependentTargetsInParallel = 1;
				LastSwiftUpdateCheck = 1620;
				LastUpgradeCheck = 1620;
				TargetAttributes = {
					94A60C4E2D888430007CE2EA = {
						CreatedOnToolsVersion = 16.2;
					};
					94A60C642D888433007CE2EA = {
						CreatedOnToolsVersion = 16.2;
						TestTargetID = 94A60C4E2D888430007CE2EA;
					};
					94A60C6E2D888434007CE2EA = {
						CreatedOnToolsVersion = 16.2;
						TestTargetID = 94A60C4E2D888430007CE2EA;
					};
				};
			};
			buildConfigurationList = 94A60C4A2D888430007CE2EA /* Build configuration list for PBXProject "DemoSwiftMVVM" */;
			developmentRegion = en;
			hasScannedForEncodings = 0;
			knownRegions = (
				en,
				Base,
			);
			mainGroup = 94A60C462D888430007CE2EA;
			minimizedProjectReferenceProxies = 1;
			packageReferences = (
				94B4E33D2D89D5870085778F /* XCRemoteSwiftPackageReference "SDWebImage" */,
			);
			preferredProjectObjectVersion = 77;
			productRefGroup = 94A60C502D888430007CE2EA /* Products */;
			projectDirPath = "";
			projectRoot = "";
			targets = (
				94A60C4E2D888430007CE2EA /* DemoSwiftMVVM */,
				94A60C642D888433007CE2EA /* DemoSwiftMVVMTests */,
				94A60C6E2D888434007CE2EA /* DemoSwiftMVVMUITests */,
			);
		};
/* End PBXProject section */

/* Begin PBXResourcesBuildPhase section */
		94A60C4D2D888430007CE2EA /* Resources */ = {
			isa = PBXResourcesBuildPhase;
			buildActionMask = 2147483647;
			files = (
				94B4E24C2D89C5000085778F /* DogsImageTableViewCell.xib in Resources */,
				94B4E24D2D89C5000085778F /* Assets.xcassets in Resources */,
				94B4E24F2D89C5000085778F /* LaunchScreen.storyboard in Resources */,
				94B4E2502D89C5000085778F /* Main.storyboard in Resources */,
			);
			runOnlyForDeploymentPostprocessing = 0;
		};
		94A60C632D888433007CE2EA /* Resources */ = {
			isa = PBXResourcesBuildPhase;
			buildActionMask = 2147483647;
			files = (
			);
			runOnlyForDeploymentPostprocessing = 0;
		};
		94A60C6D2D888434007CE2EA /* Resources */ = {
			isa = PBXResourcesBuildPhase;
			buildActionMask = 2147483647;
			files = (
			);
			runOnlyForDeploymentPostprocessing = 0;
		};
/* End PBXResourcesBuildPhase section */

/* Begin PBXShellScriptBuildPhase section */
		94A60D5C2D8937DB007CE2EA /* ShellScript */ = {
			isa = PBXShellScriptBuildPhase;
			alwaysOutOfDate = 1;
			buildActionMask = 2147483647;
			files = (
			);
			inputFileListPaths = (
			);
			inputPaths = (
			);
			outputFileListPaths = (
			);
			outputPaths = (
			);
			runOnlyForDeploymentPostprocessing = 0;
			shellPath = /bin/sh;
			shellScript = "if [[ \"$(uname -m)\" == arm64 ]]; then\n    export PATH=\"/opt/homebrew/bin:$PATH\"\nfi\n\nif which swiftlint > /dev/null; then\n  swiftlint\nelse\n  echo \"warning: SwiftLint not installed, download from https://github.com/realm/SwiftLint\"\nfi\n";
			showEnvVarsInLog = 0;
		};
/* End PBXShellScriptBuildPhase section */

/* Begin PBXSourcesBuildPhase section */
		94A60C4B2D888430007CE2EA /* Sources */ = {
			isa = PBXSourcesBuildPhase;
			buildActionMask = 2147483647;
			files = (
				94B4E2512D89C5000085778F /* AppDelegate.swift in Sources */,
				94B4E41D2D8A1DA70085778F /* UIDevice+Extension.swift in Sources */,
				94B4E2522D89C5000085778F /* SceneDelegate.swift in Sources */,
				94B4E2532D89C5000085778F /* AppCoordinator.swift in Sources */,
				94B4E2542D89C5000085778F /* CoordinatorBoard.swift in Sources */,
				94B4E2562D89C5000085778F /* UITableView+Extension.swift in Sources */,
				94B4E2572D89C5000085778F /* UIView+Constraints.swift in Sources */,
				94B4E25A2D89C5000085778F /* DogBreedsViewController.swift in Sources */,
				94B4E25B2D89C5000085778F /* DogBreedsViewModel.swift in Sources */,
				94B4E25C2D89C5000085778F /* DogBreeds.swift in Sources */,
				94B4E25D2D89C5000085778F /* DogsBreedService.swift in Sources */,
				94B4E25F2D89C5000085778F /* DogsImageTableViewCell.swift in Sources */,
				94B4E2602D89C5000085778F /* DogsImageCoordinator.swift in Sources */,
				94B4E2612D89C5000085778F /* DogsImageViewController.swift in Sources */,
				94B4E2622D89C5000085778F /* DogsImageViewModel.swift in Sources */,
				94B4E2632D89C5000085778F /* DogsImage.swift in Sources */,
				94B4E2642D89C5000085778F /* DogsImageService.swift in Sources */,
				94B4E4182D8A1D5D0085778F /* ApplicationLoader.swift in Sources */,
				94B4E4192D8A1D5D0085778F /* JailBrokenHelper.swift in Sources */,
				94B4E2652D89C5000085778F /* APIRequestHandler.swift in Sources */,
				94B4E2662D89C5000085778F /* APIResponseHandler.swift in Sources */,
				94B4E2672D89C5000085778F /* Bundle+Extension.swift in Sources */,
				94B4E2682D89C5000085778F /* MockURLProtocol.swift in Sources */,
				94B4E4202D8A1EE00085778F /* Reachability.swift in Sources */,
				94B4E2692D89C5000085778F /* NetworkManager.swift in Sources */,
				94B4E26A2D89C5000085778F /* Request.swift in Sources */,
				94B4E26B2D89C5000085778F /* RequestError.swift in Sources */,
				94B4E26C2D89C5000085778F /* RequestType.swift in Sources */,
				94B4E26D2D89C5000085778F /* Constants.swift in Sources */,
			);
			runOnlyForDeploymentPostprocessing = 0;
		};
		94A60C612D888433007CE2EA /* Sources */ = {
			isa = PBXSourcesBuildPhase;
			buildActionMask = 2147483647;
			files = (
			);
			runOnlyForDeploymentPostprocessing = 0;
		};
		94A60C6B2D888434007CE2EA /* Sources */ = {
			isa = PBXSourcesBuildPhase;
			buildActionMask = 2147483647;
			files = (
			);
			runOnlyForDeploymentPostprocessing = 0;
		};
/* End PBXSourcesBuildPhase section */

/* Begin PBXTargetDependency section */
		94A60C672D888433007CE2EA /* PBXTargetDependency */ = {
			isa = PBXTargetDependency;
			target = 94A60C4E2D888430007CE2EA /* DemoSwiftMVVM */;
			targetProxy = 94A60C662D888433007CE2EA /* PBXContainerItemProxy */;
		};
		94A60C712D888434007CE2EA /* PBXTargetDependency */ = {
			isa = PBXTargetDependency;
			target = 94A60C4E2D888430007CE2EA /* DemoSwiftMVVM */;
			targetProxy = 94A60C702D888434007CE2EA /* PBXContainerItemProxy */;
		};
/* End PBXTargetDependency section */

/* Begin PBXVariantGroup section */
		94B4E2482D89C5000085778F /* LaunchScreen.storyboard */ = {
			isa = PBXVariantGroup;
			children = (
				94B4E2472D89C5000085778F /* Base */,
			);
			name = LaunchScreen.storyboard;
			sourceTree = "<group>";
		};
		94B4E24A2D89C5000085778F /* Main.storyboard */ = {
			isa = PBXVariantGroup;
			children = (
				94B4E2492D89C5000085778F /* Base */,
			);
			name = Main.storyboard;
			sourceTree = "<group>";
		};
/* End PBXVariantGroup section */

/* Begin XCBuildConfiguration section */
		94A60C792D888434007CE2EA /* Debug */ = {
			isa = XCBuildConfiguration;
			buildSettings = {
				ASSETCATALOG_COMPILER_APPICON_NAME = AppIcon;
				ASSETCATALOG_COMPILER_GLOBAL_ACCENT_COLOR_NAME = AccentColor;
				CODE_SIGN_STYLE = Automatic;
				CURRENT_PROJECT_VERSION = 1;
				ENABLE_USER_SCRIPT_SANDBOXING = NO;
				GENERATE_INFOPLIST_FILE = YES;
				INFOPLIST_FILE = DemoSwiftMVVM/Info.plist;
				INFOPLIST_KEY_UIApplicationSupportsIndirectInputEvents = YES;
				INFOPLIST_KEY_UILaunchStoryboardName = LaunchScreen;
				INFOPLIST_KEY_UIMainStoryboardFile = Main;
				INFOPLIST_KEY_UISupportedInterfaceOrientations_iPad = "UIInterfaceOrientationPortrait UIInterfaceOrientationPortraitUpsideDown UIInterfaceOrientationLandscapeLeft UIInterfaceOrientationLandscapeRight";
				INFOPLIST_KEY_UISupportedInterfaceOrientations_iPhone = "UIInterfaceOrientationPortrait UIInterfaceOrientationLandscapeLeft UIInterfaceOrientationLandscapeRight";
				LD_RUNPATH_SEARCH_PATHS = (
					"$(inherited)",
					"@executable_path/Frameworks",
				);
				MARKETING_VERSION = 1.0;
				PRODUCT_BUNDLE_IDENTIFIER = com.App.DemoSwiftMVVM;
				PRODUCT_NAME = "$(TARGET_NAME)";
				SWIFT_EMIT_LOC_STRINGS = YES;
				SWIFT_VERSION = 5.0;
				TARGETED_DEVICE_FAMILY = "1,2";
			};
			name = Debug;
		};
		94A60C7A2D888434007CE2EA /* Release */ = {
			isa = XCBuildConfiguration;
			buildSettings = {
				ASSETCATALOG_COMPILER_APPICON_NAME = AppIcon;
				ASSETCATALOG_COMPILER_GLOBAL_ACCENT_COLOR_NAME = AccentColor;
				CODE_SIGN_STYLE = Automatic;
				CURRENT_PROJECT_VERSION = 1;
				ENABLE_USER_SCRIPT_SANDBOXING = NO;
				GENERATE_INFOPLIST_FILE = YES;
				INFOPLIST_FILE = DemoSwiftMVVM/Info.plist;
				INFOPLIST_KEY_UIApplicationSupportsIndirectInputEvents = YES;
				INFOPLIST_KEY_UILaunchStoryboardName = LaunchScreen;
				INFOPLIST_KEY_UIMainStoryboardFile = Main;
				INFOPLIST_KEY_UISupportedInterfaceOrientations_iPad = "UIInterfaceOrientationPortrait UIInterfaceOrientationPortraitUpsideDown UIInterfaceOrientationLandscapeLeft UIInterfaceOrientationLandscapeRight";
				INFOPLIST_KEY_UISupportedInterfaceOrientations_iPhone = "UIInterfaceOrientationPortrait UIInterfaceOrientationLandscapeLeft UIInterfaceOrientationLandscapeRight";
				LD_RUNPATH_SEARCH_PATHS = (
					"$(inherited)",
					"@executable_path/Frameworks",
				);
				MARKETING_VERSION = 1.0;
				PRODUCT_BUNDLE_IDENTIFIER = com.App.DemoSwiftMVVM;
				PRODUCT_NAME = "$(TARGET_NAME)";
				SWIFT_EMIT_LOC_STRINGS = YES;
				SWIFT_VERSION = 5.0;
				TARGETED_DEVICE_FAMILY = "1,2";
			};
			name = Release;
		};
		94A60C7B2D888434007CE2EA /* Debug */ = {
			isa = XCBuildConfiguration;
			buildSettings = {
				ALWAYS_SEARCH_USER_PATHS = NO;
				ASSETCATALOG_COMPILER_GENERATE_SWIFT_ASSET_SYMBOL_EXTENSIONS = YES;
				CLANG_ANALYZER_NONNULL = YES;
				CLANG_ANALYZER_NUMBER_OBJECT_CONVERSION = YES_AGGRESSIVE;
				CLANG_CXX_LANGUAGE_STANDARD = "gnu++20";
				CLANG_ENABLE_MODULES = YES;
				CLANG_ENABLE_OBJC_ARC = YES;
				CLANG_ENABLE_OBJC_WEAK = YES;
				CLANG_WARN_BLOCK_CAPTURE_AUTORELEASING = YES;
				CLANG_WARN_BOOL_CONVERSION = YES;
				CLANG_WARN_COMMA = YES;
				CLANG_WARN_CONSTANT_CONVERSION = YES;
				CLANG_WARN_DEPRECATED_OBJC_IMPLEMENTATIONS = YES;
				CLANG_WARN_DIRECT_OBJC_ISA_USAGE = YES_ERROR;
				CLANG_WARN_DOCUMENTATION_COMMENTS = YES;
				CLANG_WARN_EMPTY_BODY = YES;
				CLANG_WARN_ENUM_CONVERSION = YES;
				CLANG_WARN_INFINITE_RECURSION = YES;
				CLANG_WARN_INT_CONVERSION = YES;
				CLANG_WARN_NON_LITERAL_NULL_CONVERSION = YES;
				CLANG_WARN_OBJC_IMPLICIT_RETAIN_SELF = YES;
				CLANG_WARN_OBJC_LITERAL_CONVERSION = YES;
				CLANG_WARN_OBJC_ROOT_CLASS = YES_ERROR;
				CLANG_WARN_QUOTED_INCLUDE_IN_FRAMEWORK_HEADER = YES;
				CLANG_WARN_RANGE_LOOP_ANALYSIS = YES;
				CLANG_WARN_STRICT_PROTOTYPES = YES;
				CLANG_WARN_SUSPICIOUS_MOVE = YES;
				CLANG_WARN_UNGUARDED_AVAILABILITY = YES_AGGRESSIVE;
				CLANG_WARN_UNREACHABLE_CODE = YES;
				CLANG_WARN__DUPLICATE_METHOD_MATCH = YES;
				COPY_PHASE_STRIP = NO;
				DEBUG_INFORMATION_FORMAT = dwarf;
				ENABLE_STRICT_OBJC_MSGSEND = YES;
				ENABLE_TESTABILITY = YES;
				ENABLE_USER_SCRIPT_SANDBOXING = YES;
				GCC_C_LANGUAGE_STANDARD = gnu17;
				GCC_DYNAMIC_NO_PIC = NO;
				GCC_NO_COMMON_BLOCKS = YES;
				GCC_OPTIMIZATION_LEVEL = 0;
				GCC_PREPROCESSOR_DEFINITIONS = (
					"DEBUG=1",
					"$(inherited)",
				);
				GCC_WARN_64_TO_32_BIT_CONVERSION = YES;
				GCC_WARN_ABOUT_RETURN_TYPE = YES_ERROR;
				GCC_WARN_UNDECLARED_SELECTOR = YES;
				GCC_WARN_UNINITIALIZED_AUTOS = YES_AGGRESSIVE;
				GCC_WARN_UNUSED_FUNCTION = YES;
				GCC_WARN_UNUSED_VARIABLE = YES;
				IPHONEOS_DEPLOYMENT_TARGET = 18.2;
				LOCALIZATION_PREFERS_STRING_CATALOGS = YES;
				MTL_ENABLE_DEBUG_INFO = INCLUDE_SOURCE;
				MTL_FAST_MATH = YES;
				ONLY_ACTIVE_ARCH = YES;
				SDKROOT = iphoneos;
				SWIFT_ACTIVE_COMPILATION_CONDITIONS = "DEBUG $(inherited)";
				SWIFT_OPTIMIZATION_LEVEL = "-Onone";
			};
			name = Debug;
		};
		94A60C7C2D888434007CE2EA /* Release */ = {
			isa = XCBuildConfiguration;
			buildSettings = {
				ALWAYS_SEARCH_USER_PATHS = NO;
				ASSETCATALOG_COMPILER_GENERATE_SWIFT_ASSET_SYMBOL_EXTENSIONS = YES;
				CLANG_ANALYZER_NONNULL = YES;
				CLANG_ANALYZER_NUMBER_OBJECT_CONVERSION = YES_AGGRESSIVE;
				CLANG_CXX_LANGUAGE_STANDARD = "gnu++20";
				CLANG_ENABLE_MODULES = YES;
				CLANG_ENABLE_OBJC_ARC = YES;
				CLANG_ENABLE_OBJC_WEAK = YES;
				CLANG_WARN_BLOCK_CAPTURE_AUTORELEASING = YES;
				CLANG_WARN_BOOL_CONVERSION = YES;
				CLANG_WARN_COMMA = YES;
				CLANG_WARN_CONSTANT_CONVERSION = YES;
				CLANG_WARN_DEPRECATED_OBJC_IMPLEMENTATIONS = YES;
				CLANG_WARN_DIRECT_OBJC_ISA_USAGE = YES_ERROR;
				CLANG_WARN_DOCUMENTATION_COMMENTS = YES;
				CLANG_WARN_EMPTY_BODY = YES;
				CLANG_WARN_ENUM_CONVERSION = YES;
				CLANG_WARN_INFINITE_RECURSION = YES;
				CLANG_WARN_INT_CONVERSION = YES;
				CLANG_WARN_NON_LITERAL_NULL_CONVERSION = YES;
				CLANG_WARN_OBJC_IMPLICIT_RETAIN_SELF = YES;
				CLANG_WARN_OBJC_LITERAL_CONVERSION = YES;
				CLANG_WARN_OBJC_ROOT_CLASS = YES_ERROR;
				CLANG_WARN_QUOTED_INCLUDE_IN_FRAMEWORK_HEADER = YES;
				CLANG_WARN_RANGE_LOOP_ANALYSIS = YES;
				CLANG_WARN_STRICT_PROTOTYPES = YES;
				CLANG_WARN_SUSPICIOUS_MOVE = YES;
				CLANG_WARN_UNGUARDED_AVAILABILITY = YES_AGGRESSIVE;
				CLANG_WARN_UNREACHABLE_CODE = YES;
				CLANG_WARN__DUPLICATE_METHOD_MATCH = YES;
				COPY_PHASE_STRIP = NO;
				DEBUG_INFORMATION_FORMAT = "dwarf-with-dsym";
				ENABLE_NS_ASSERTIONS = NO;
				ENABLE_STRICT_OBJC_MSGSEND = YES;
				ENABLE_USER_SCRIPT_SANDBOXING = YES;
				GCC_C_LANGUAGE_STANDARD = gnu17;
				GCC_NO_COMMON_BLOCKS = YES;
				GCC_WARN_64_TO_32_BIT_CONVERSION = YES;
				GCC_WARN_ABOUT_RETURN_TYPE = YES_ERROR;
				GCC_WARN_UNDECLARED_SELECTOR = YES;
				GCC_WARN_UNINITIALIZED_AUTOS = YES_AGGRESSIVE;
				GCC_WARN_UNUSED_FUNCTION = YES;
				GCC_WARN_UNUSED_VARIABLE = YES;
				IPHONEOS_DEPLOYMENT_TARGET = 18.2;
				LOCALIZATION_PREFERS_STRING_CATALOGS = YES;
				MTL_ENABLE_DEBUG_INFO = NO;
				MTL_FAST_MATH = YES;
				SDKROOT = iphoneos;
				SWIFT_COMPILATION_MODE = wholemodule;
				VALIDATE_PRODUCT = YES;
			};
			name = Release;
		};
		94A60C7E2D888434007CE2EA /* Debug */ = {
			isa = XCBuildConfiguration;
			buildSettings = {
				BUNDLE_LOADER = "$(TEST_HOST)";
				CODE_SIGN_STYLE = Automatic;
				CURRENT_PROJECT_VERSION = 1;
				GENERATE_INFOPLIST_FILE = YES;
				IPHONEOS_DEPLOYMENT_TARGET = 18.2;
				MARKETING_VERSION = 1.0;
				PRODUCT_BUNDLE_IDENTIFIER = com.App.DemoSwiftMVVMTests;
				PRODUCT_NAME = "$(TARGET_NAME)";
				SWIFT_EMIT_LOC_STRINGS = NO;
				SWIFT_VERSION = 5.0;
				TARGETED_DEVICE_FAMILY = "1,2";
				TEST_HOST = "$(BUILT_PRODUCTS_DIR)/DemoSwiftMVVM.app/$(BUNDLE_EXECUTABLE_FOLDER_PATH)/DemoSwiftMVVM";
			};
			name = Debug;
		};
		94A60C7F2D888434007CE2EA /* Release */ = {
			isa = XCBuildConfiguration;
			buildSettings = {
				BUNDLE_LOADER = "$(TEST_HOST)";
				CODE_SIGN_STYLE = Automatic;
				CURRENT_PROJECT_VERSION = 1;
				GENERATE_INFOPLIST_FILE = YES;
				IPHONEOS_DEPLOYMENT_TARGET = 18.2;
				MARKETING_VERSION = 1.0;
				PRODUCT_BUNDLE_IDENTIFIER = com.App.DemoSwiftMVVMTests;
				PRODUCT_NAME = "$(TARGET_NAME)";
				SWIFT_EMIT_LOC_STRINGS = NO;
				SWIFT_VERSION = 5.0;
				TARGETED_DEVICE_FAMILY = "1,2";
				TEST_HOST = "$(BUILT_PRODUCTS_DIR)/DemoSwiftMVVM.app/$(BUNDLE_EXECUTABLE_FOLDER_PATH)/DemoSwiftMVVM";
			};
			name = Release;
		};
		94A60C812D888434007CE2EA /* Debug */ = {
			isa = XCBuildConfiguration;
			buildSettings = {
				CODE_SIGN_STYLE = Automatic;
				CURRENT_PROJECT_VERSION = 1;
				GENERATE_INFOPLIST_FILE = YES;
				MARKETING_VERSION = 1.0;
				PRODUCT_BUNDLE_IDENTIFIER = com.App.DemoSwiftMVVMUITests;
				PRODUCT_NAME = "$(TARGET_NAME)";
				SWIFT_EMIT_LOC_STRINGS = NO;
				SWIFT_VERSION = 5.0;
				TARGETED_DEVICE_FAMILY = "1,2";
				TEST_TARGET_NAME = DemoSwiftMVVM;
			};
			name = Debug;
		};
		94A60C822D888434007CE2EA /* Release */ = {
			isa = XCBuildConfiguration;
			buildSettings = {
				CODE_SIGN_STYLE = Automatic;
				CURRENT_PROJECT_VERSION = 1;
				GENERATE_INFOPLIST_FILE = YES;
				MARKETING_VERSION = 1.0;
				PRODUCT_BUNDLE_IDENTIFIER = com.App.DemoSwiftMVVMUITests;
				PRODUCT_NAME = "$(TARGET_NAME)";
				SWIFT_EMIT_LOC_STRINGS = NO;
				SWIFT_VERSION = 5.0;
				TARGETED_DEVICE_FAMILY = "1,2";
				TEST_TARGET_NAME = DemoSwiftMVVM;
			};
			name = Release;
		};
/* End XCBuildConfiguration section */

/* Begin XCConfigurationList section */
		94A60C4A2D888430007CE2EA /* Build configuration list for PBXProject "DemoSwiftMVVM" */ = {
			isa = XCConfigurationList;
			buildConfigurations = (
				94A60C7B2D888434007CE2EA /* Debug */,
				94A60C7C2D888434007CE2EA /* Release */,
			);
			defaultConfigurationIsVisible = 0;
			defaultConfigurationName = Release;
		};
		94A60C782D888434007CE2EA /* Build configuration list for PBXNativeTarget "DemoSwiftMVVM" */ = {
			isa = XCConfigurationList;
			buildConfigurations = (
				94A60C792D888434007CE2EA /* Debug */,
				94A60C7A2D888434007CE2EA /* Release */,
			);
			defaultConfigurationIsVisible = 0;
			defaultConfigurationName = Release;
		};
		94A60C7D2D888434007CE2EA /* Build configuration list for PBXNativeTarget "DemoSwiftMVVMTests" */ = {
			isa = XCConfigurationList;
			buildConfigurations = (
				94A60C7E2D888434007CE2EA /* Debug */,
				94A60C7F2D888434007CE2EA /* Release */,
			);
			defaultConfigurationIsVisible = 0;
			defaultConfigurationName = Release;
		};
		94A60C802D888434007CE2EA /* Build configuration list for PBXNativeTarget "DemoSwiftMVVMUITests" */ = {
			isa = XCConfigurationList;
			buildConfigurations = (
				94A60C812D888434007CE2EA /* Debug */,
				94A60C822D888434007CE2EA /* Release */,
			);
			defaultConfigurationIsVisible = 0;
			defaultConfigurationName = Release;
		};
/* End XCConfigurationList section */

/* Begin XCRemoteSwiftPackageReference section */
		94B4E33D2D89D5870085778F /* XCRemoteSwiftPackageReference "SDWebImage" */ = {
			isa = XCRemoteSwiftPackageReference;
			repositoryURL = "https://github.com/SDWebImage/SDWebImage.git";
			requirement = {
				kind = upToNextMajorVersion;
				minimumVersion = 5.21.0;
			};
		};
/* End XCRemoteSwiftPackageReference section */

/* Begin XCSwiftPackageProductDependency section */
		94B4E33E2D89D5870085778F /* SDWebImage */ = {
			isa = XCSwiftPackageProductDependency;
			package = 94B4E33D2D89D5870085778F /* XCRemoteSwiftPackageReference "SDWebImage" */;
			productName = SDWebImage;
		};
		94B4E3402D89D5870085778F /* SDWebImageMapKit */ = {
			isa = XCSwiftPackageProductDependency;
			package = 94B4E33D2D89D5870085778F /* XCRemoteSwiftPackageReference "SDWebImage" */;
			productName = SDWebImageMapKit;
		};
/* End XCSwiftPackageProductDependency section */
	};
	rootObject = 94A60C472D888430007CE2EA /* Project object */;
}
